github.com/gethinode/hinode v0.27.17 h1:rPQmxmFCBIT+S3WBfHRp41d6QYzf/Z/i0BuLi8cvEeo=
github.com/gethinode/hinode v0.27.17/go.mod h1:k+TUNPNBbNY2kNlzDySw3k/GuDHetfKN/qTXKHwlbk0=
github.com/gethinode/hinode v0.27.18 h1:rlksX+VmW37ORcoyE9n33uFF6NdINgmN5fsTtgag7lk=
github.com/gethinode/hinode v0.27.18/go.mod h1:k+TUNPNBbNY2kNlzDySw3k/GuDHetfKN/qTXKHwlbk0=
