github.com/FortAwesome/Font-Awesome v0.0.0-20260715180930-14c65a3747d0 h1:4+bB2ojsMTsQroHtQr1FWy2gxFzpBn5hISldeRfxF+o=
github.com/FortAwesome/Font-Awesome v0.0.0-20260715180930-14c65a3747d0/go.mod h1:IUgezN/MFpCDIlFezw3L8j83oeiIuYoj28Miwr/KUYo=
github.com/airbnb/lottie-web v5.13.0+incompatible h1:plBV5Uq/F1kK0EC61Hr0cBGReI9OgUfd/pp0baoDX8o=
github.com/airbnb/lottie-web v5.13.0+incompatible/go.mod h1:nTss557UK9FGnp8QYlCMO29tjUHwbdAHG/DprbGfHGE=
github.com/gethinode/hinode/v3 v3.28.1 h1:1k0ZMGlWUTPC2Q2cvnbqGq2p6V7cQqjVxxR+LSz7XoY=
github.com/gethinode/hinode/v3 v3.28.1/go.mod h1:6bDH1PqqBewuP9cK8CBqrQtft2aqH0ZTqsODxaTekuw=
github.com/gethinode/mod-bootstrap v1.5.0 h1:vpcbnNA315kClDeWviL/4yWKt1k1oaxI7Z8HxcoHnpQ=
github.com/gethinode/mod-bootstrap v1.5.0/go.mod h1:CxrYCFzKtBMz3YWG5i/d5jHKCgvUo60NFcCmz2mxCjQ=
github.com/gethinode/mod-csp v1.0.14 h1:9lzgaGrLhLoOy1AnQrUrry+HBR5cfGinHEFCj5Xa1Vk=
github.com/gethinode/mod-csp v1.0.14/go.mod h1:Nb22QMicoUHgZQUKP5TCgVrSI8K3KU7jLuLBShmotjg=
github.com/gethinode/mod-flexsearch/v5 v5.3.3 h1:Djop82QiNhtuyGT7N2FTSVy8OUTfnIbtRVaX+3aY/5w=
github.com/gethinode/mod-flexsearch/v5 v5.3.3/go.mod h1:1w4yOLqp74fyta/HZttmrhp2apaHtdPil/Otjd2PFNY=
github.com/gethinode/mod-fontawesome/v6 v6.1.4 h1:6ppascnfF0Fy9csHLp2iVZVYhaguOOWjd5Wbjbc+bJk=
github.com/gethinode/mod-fontawesome/v6 v6.1.4/go.mod h1:VOzKLFEqI4O13IFZrKXOXFFHs26o8PgQtdv9fYUaxqA=
github.com/gethinode/mod-google-analytics/v2 v2.0.4 h1:ONEUjhfVR6p+Y/XyU3BUGXZy4+HAkJvGo+mr24ugklY=
github.com/gethinode/mod-google-analytics/v2 v2.0.4/go.mod h1:y4ZlacA8FSXjmvn9P8cZshOrBB5Wc+3p0DKSehkk+8E=
github.com/gethinode/mod-katex v1.1.7 h1:L2kNwzaerFRESS7nEZsvaMArpisc3iowBwKoaGQ1UII=
github.com/gethinode/mod-katex v1.1.7/go.mod h1:ln7664LD/SlluqAjGf32MRSbVXBOn+nJaTx00mzugE8=
github.com/gethinode/mod-leaflet/v3 v3.1.3 h1:4rO0rT89Kph+kwd06igMEQsa1El/Q5hyDAoaXlJon14=
github.com/gethinode/mod-leaflet/v3 v3.1.3/go.mod h1:eiNhr24pY4+MrMCuJF2MAa+c5mPrD90UM4GZxJproic=
github.com/gethinode/mod-lottie/v3 v3.0.4 h1:I5g+62ed9AhcXqyaWkRrjF33jweR1ZLNuvwVGTQfVSg=
github.com/gethinode/mod-lottie/v3 v3.0.4/go.mod h1:f9uYnBJj63yZRqJD/bW126r0WjLW337UQOvcqCEviVc=
github.com/gethinode/mod-mermaid/v5 v5.0.4 h1:cw8FE+IDvbMmY0/+pcYfBbg/9gVF/sLvtDt4OyMxHfs=
github.com/gethinode/mod-mermaid/v5 v5.0.4/go.mod h1:/9uNj5hKghuBKRd3qi18J7XwMRxrLKJymn9MCO6vP3I=
github.com/gethinode/mod-simple-datatables/v4 v4.2.1 h1:Se1TIpqzOGcQVLZ2K8Ud7GuoEuVj/gk1zRqZ0jOR0UA=
github.com/gethinode/mod-simple-datatables/v4 v4.2.1/go.mod h1:X9j8YEPhKWhcPCdylQHwfNkAqLH8L9878XcHQLyGEc8=
github.com/gethinode/mod-utils/v6 v6.14.1 h1:wQil4BBR4urcRIGPc4vnX5AsPCOUwlH7eXh4xbC6Ih0=
github.com/gethinode/mod-utils/v6 v6.14.1/go.mod h1:E5tO9w3VKaidJpu1nI8zAKmh0bddFHOIIQnudAaXQTs=
github.com/nextapps-de/flexsearch v0.0.0-20260529083235-f7ed963096a0 h1:QDKcU3q39lFGzdVwM6kgCGnW3ibbMfYIi0Rwl62iJpo=
github.com/nextapps-de/flexsearch v0.0.0-20260529083235-f7ed963096a0/go.mod h1:5GdMfPAXzbA2gXBqTjC6l27kioSYzHlqDMh0+wyx7sU=
github.com/twbs/bootstrap v5.3.8+incompatible h1:eK1fsXP7R/FWFt+sSNmmvUH9usPocf240nWVw7Dh02o=
github.com/twbs/bootstrap v5.3.8+incompatible/go.mod h1:fZTSrkpSf0/HkL0IIJzvVspTt1r9zuf7XlZau8kpcY0=
